{
  "name": "elementary-rotations",
  "version": "1.0.0",
  "lockfileVersion": 1,
  "requires": true,
  "dependencies": {
    "matlab-javascript": {
      "version": "git+https://github.com/PeterTadich/matlab-javascript.git#1e9e1566a29d4c4c33adf8412a192b7f45e40ec5",
      "requires": {
        "matrix-computations": "git+https://github.com/PeterTadich/matrix-computations.git#331f4b46b59b2dc761ce4f4a2c05c662d1e0150c"
      }
    },
    "matrix-computations": {
      "version": "git+https://github.com/PeterTadich/matrix-computations.git#331f4b46b59b2dc761ce4f4a2c05c662d1e0150c"
    }
  }
}
